
Microsoft Visual Studio Solution File, Format Version 12.00
# Visual Studio Version 17
VisualStudioVersion = 17.11.35327.3
MinimumVisualStudioVersion = 10.0.40219.1
Project("{FAE04EC0-301F-11D3-BF4B-00C04F79EFBC}") = "DSOperationEFCore", "DSOperationEFCore\DSOperationEFCore.csproj", "{BFCC719D-826B-43CD-A54F-F3783050BEDA}"
EndProject
Global
	GlobalSection(SolutionConfigurationPlatforms) = preSolution
		Debug|Any CPU = Debug|Any CPU
		Release|Any CPU = Release|Any CPU
	EndGlobalSection
	GlobalSection(ProjectConfigurationPlatforms) = postSolution
		{BFCC719D-826B-43CD-A54F-F3783050BEDA}.Debug|Any CPU.ActiveCfg = Debug|Any CPU
		{BFCC719D-826B-43CD-A54F-F3783050BEDA}.Debug|Any CPU.Build.0 = Debug|Any CPU
		{BFCC719D-826B-43CD-A54F-F3783050BEDA}.Release|Any CPU.ActiveCfg = Release|Any CPU
		{BFCC719D-826B-43CD-A54F-F3783050BEDA}.Release|Any CPU.Build.0 = Release|Any CPU
	EndGlobalSection
	GlobalSection(SolutionProperties) = preSolution
		HideSolutionNode = FALSE
	EndGlobalSection
	GlobalSection(ExtensibilityGlobals) = postSolution
		SolutionGuid = {0FEEE150-00BF-4342-95A5-22CF7C1FE57E}
	EndGlobalSection
EndGlobal
